// !$*UTF8*$!
{
	archiveVersion = 1;
	classes = {
	};
	objectVersion = 77;
	objects = {

/* Begin PBXBuildFile section */
		0603DCEBFF78A4E385EDB2B5 /* CoreLocation.framework in Frameworks */ = {isa = PBXBuildFile; fileRef = F4D3B1CD71878AA8ECCAED79 /* CoreLocation.framework */; };
		08840CFF6B316EB4942C1057 /* WidgetKit.framework in Frameworks */ = {isa = PBXBuildFile; fileRef = 0D51CF1FD102D57A0FE57359 /* WidgetKit.framework */; };
		0D4A19ECBB8BBA8560ABE746 /* temples.json in Resources */ = {isa = PBXBuildFile; fileRef = 3D8DEFD1214C5A29C37D57E2 /* temples.json */; };
		11BDF50853BE16D186D193D5 /* CloudKit.framework in Frameworks */ = {isa = PBXBuildFile; fileRef = A46C642EC7C3E604D3086949 /* CloudKit.framework */; };
		12D6B6C9494091B70BD07CB9 /* ProfileView.swift in Sources */ = {isa = PBXBuildFile; fileRef = 4531DA71FD57C9E2D5CBD52E /* ProfileView.swift */; };
		1BCB91E829E1EE2454A4A605 /* AchievementsGridView.swift in Sources */ = {isa = PBXBuildFile; fileRef = 8632A059523FF5EE4B78C2FF /* AchievementsGridView.swift */; };
		1EF45CC9D64AFDE08B555CB6 /* TempleHeroGallery.swift in Sources */ = {isa = PBXBuildFile; fileRef = 91F92D26570213D22EE2E958 /* TempleHeroGallery.swift */; };
		226627A7236291FF7193C67F /* Color+Brand.swift in Sources */ = {isa = PBXBuildFile; fileRef = 8337C3DF5DA39768018421FF /* Color+Brand.swift */; };
		22F4738C3A095D1EA0D35D9B /* VisitHistorySection.swift in Sources */ = {isa = PBXBuildFile; fileRef = 6CF5E48093C9B9C70227145C /* VisitHistorySection.swift */; };
		24464C0E4ABE739C203C51CE /* TempleMapAnnotation.swift in Sources */ = {isa = PBXBuildFile; fileRef = BDAFCA83CA594562D787A875 /* TempleMapAnnotation.swift */; };
		26573F0A073E4EC59B1D655A /* TempleDataService.swift in Sources */ = {isa = PBXBuildFile; fileRef = BF3CB09DBABE00E08E9B6382 /* TempleDataService.swift */; };
		29A263948AEF85A96C4FEC8A /* AchievementsViewModel.swift in Sources */ = {isa = PBXBuildFile; fileRef = BC71FC0E56E8C409BF813C69 /* AchievementsViewModel.swift */; };
		30036345DD4CA06F59713A88 /* AchievementService.swift in Sources */ = {isa = PBXBuildFile; fileRef = 1193F67105E3596B2771F2C9 /* AchievementService.swift */; };
		31EEA24F2C6160F65BF4C788 /* PersistenceController.swift in Sources */ = {isa = PBXBuildFile; fileRef = 24F3F08D4158B6C43DE3771E /* PersistenceController.swift */; };
		3596B858186E4DAD09E53977 /* VisitEditView.swift in Sources */ = {isa = PBXBuildFile; fileRef = 35073115477BD0FC56BAE195 /* VisitEditView.swift */; };
		38942151AB6AD367BC15D9BB /* MapFilterSheet.swift in Sources */ = {isa = PBXBuildFile; fileRef = CA21A452E4BEBB1C273EA870 /* MapFilterSheet.swift */; };
		3996DDB06D42090EDC1A6D48 /* TempleListViewModel.swift in Sources */ = {isa = PBXBuildFile; fileRef = 454A0736D83F4ED61FA4F86A /* TempleListViewModel.swift */; };
		452662475A007DC97C71982F /* MapView.swift in Sources */ = {isa = PBXBuildFile; fileRef = 53E47CE2912BB25D666C1452 /* MapView.swift */; };
		4571722197375F4E87708B3A /* EventKit.framework in Frameworks */ = {isa = PBXBuildFile; fileRef = 91B4FD00F6FCAAC7305A0390 /* EventKit.framework */; };
		4C00D7D8CB3FDBB2505AFADB /* TempleDetailView.swift in Sources */ = {isa = PBXBuildFile; fileRef = 4B1E6E2C4FFE9A1BEADFBDE0 /* TempleDetailView.swift */; };
		4D0542F1C59185D61D09D7B4 /* TempleVisit.swift in Sources */ = {isa = PBXBuildFile; fileRef = FDA871285E30E35077ECF334 /* TempleVisit.swift */; };
		4DE2FE66606F0D37DA055A44 /* StatsView.swift in Sources */ = {isa = PBXBuildFile; fileRef = EE8627B41063BF55BF098626 /* StatsView.swift */; };
		4ED15FB90B173E0D330456B3 /* TempleListRow.swift in Sources */ = {isa = PBXBuildFile; fileRef = 42FAC15682889FA4DCAC9816 /* TempleListRow.swift */; };
		504BE7FCB138EB6D5005F9EF /* Temple.swift in Sources */ = {isa = PBXBuildFile; fileRef = 5688BECFD8CCE2FE11589FF5 /* Temple.swift */; };
		518A0355832D6D7F3D3B0FF6 /* RemoteDataServiceTests.swift in Sources */ = {isa = PBXBuildFile; fileRef = 147B23F6CC6BA1500EC0E8F3 /* RemoteDataServiceTests.swift */; };
		523C9BE18575CEC55D69E173 /* FormSectionHeader.swift in Sources */ = {isa = PBXBuildFile; fileRef = 0FB85E2CFD8502883BC9DDF0 /* FormSectionHeader.swift */; };
		5660A6E65AF559E597BFD3F4 /* MapViewModel.swift in Sources */ = {isa = PBXBuildFile; fileRef = 707037FC0A0A04A1F626EA30 /* MapViewModel.swift */; };
		608B29C6F218270D0F8F7AFB /* TempleDataValidator.swift in Sources */ = {isa = PBXBuildFile; fileRef = AC2CFC66E8ACD0C9232B8495 /* TempleDataValidator.swift */; };
		63FE65531BD416A3E8664B1B /* AppTheme.swift in Sources */ = {isa = PBXBuildFile; fileRef = 70420A36B5B3A369726F6C51 /* AppTheme.swift */; };
		649755E7691704E98DFA24B8 /* AddVisitSheet.swift in Sources */ = {isa = PBXBuildFile; fileRef = 5B83D9730C506C4C941A1E32 /* AddVisitSheet.swift */; };
		733FD9E35B27869C074F54C7 /* FilterPill.swift in Sources */ = {isa = PBXBuildFile; fileRef = 9EE58C47CADB455389AA2E40 /* FilterPill.swift */; };
		7470BC2F1574A03A69516D33 /* MapKit.framework in Frameworks */ = {isa = PBXBuildFile; fileRef = 13D761BFFE06E210238F843F /* MapKit.framework */; };
		7F9FC2D9AFDECAB2A6F72BAD /* AchievementCardView.swift in Sources */ = {isa = PBXBuildFile; fileRef = AFF71E081AC8DFD254D35E22 /* AchievementCardView.swift */; };
		8765231FDAC523C9C8785579 /* ProfileViewModel.swift in Sources */ = {isa = PBXBuildFile; fileRef = 900106EB9C342A1846882D5D /* ProfileViewModel.swift */; };
		880710FFDA5FE4DBBAD1F414 /* ProgressBar.swift in Sources */ = {isa = PBXBuildFile; fileRef = 1F70B7AB77B7833E50FF46A9 /* ProgressBar.swift */; };
		892A8C69E1514F3904E481CE /* ContentView.swift in Sources */ = {isa = PBXBuildFile; fileRef = FA45BA43C82D904247AEC335 /* ContentView.swift */; };
		89A513EFBBBE76C63175A4AB /* ScratchCardView.swift in Sources */ = {isa = PBXBuildFile; fileRef = 8BAECDC3F5C1FADCFAB6488C /* ScratchCardView.swift */; };
		8C34CB62F4DC6EA45A9FF306 /* StarRatingView.swift in Sources */ = {isa = PBXBuildFile; fileRef = 0412DCAE40084B0C6DF46673 /* StarRatingView.swift */; };
		8C9D3C6461E5516C93CA31BB /* TempleCategory.swift in Sources */ = {isa = PBXBuildFile; fileRef = B4D4162A9FDA5F83444CBD95 /* TempleCategory.swift */; };
		8D53387DAB4BC51B8673A10E /* TempleDetailViewModel.swift in Sources */ = {isa = PBXBuildFile; fileRef = DB45CAD8D73FC64E23649F46 /* TempleDetailViewModel.swift */; };
		8EF232AF2F05C33AE9E23042 /* AchievementReveal.swift in Sources */ = {isa = PBXBuildFile; fileRef = 44A3D6B60CA47A4109BD59D4 /* AchievementReveal.swift */; };
		902DEA5CA72832D98E549036 /* TempleFestivalSection.swift in Sources */ = {isa = PBXBuildFile; fileRef = 5F8BF2A99598BD3236F7B485 /* TempleFestivalSection.swift */; };
		942623A750E381AB26925A3A /* TempleFilterMode.swift in Sources */ = {isa = PBXBuildFile; fileRef = 23B10F82F814CAB78CE3BFF9 /* TempleFilterMode.swift */; };
		9B8469A8DE8022B62E70A81F /* AchievementDefinition.swift in Sources */ = {isa = PBXBuildFile; fileRef = 4D596AEDEAD3D99EE4B87D46 /* AchievementDefinition.swift */; };
		A3FD0B277629A4BC959C1CCC /* Assets.xcassets in Resources */ = {isa = PBXBuildFile; fileRef = 6C64441EA67A4F1E940224C7 /* Assets.xcassets */; };
		A4FD18D6882A704CD394A4F6 /* TempleFilterBar.swift in Sources */ = {isa = PBXBuildFile; fileRef = 8404E5072C93E870E9BFCCEA /* TempleFilterBar.swift */; };
		A977135DDF794E681D361764 /* TempleDataServiceTests.swift in Sources */ = {isa = PBXBuildFile; fileRef = 71CDE3D36933F4CB0BF711F4 /* TempleDataServiceTests.swift */; };
		ACF7E85EB5BF0C14EAA0280E /* TempleListView.swift in Sources */ = {isa = PBXBuildFile; fileRef = 6CCAC93759B61153E7369289 /* TempleListView.swift */; };
		AEEA865B1711F032F089874B /* TempleDataValidatorTests.swift in Sources */ = {isa = PBXBuildFile; fileRef = A45B0BD2DB19233B8BA2E508 /* TempleDataValidatorTests.swift */; };
		B45F3047B3DC0CA21E27BF80 /* LocationService.swift in Sources */ = {isa = PBXBuildFile; fileRef = 894CAD3E0C0A0D734D641146 /* LocationService.swift */; };
		B5397C9280DB6FDBCA86E6E9 /* RemoteDataService.swift in Sources */ = {isa = PBXBuildFile; fileRef = 1B0DF66685311F9C2D865801 /* RemoteDataService.swift */; };
		B6D9A146E44B21A044BF9850 /* Date+Formatting.swift in Sources */ = {isa = PBXBuildFile; fileRef = 7CF56C1E8992E4F8258E4262 /* Date+Formatting.swift */; };
		C083B3539AD615845E07F4F8 /* AchievementServiceTests.swift in Sources */ = {isa = PBXBuildFile; fileRef = 1F01547B90F2F3A9908590D4 /* AchievementServiceTests.swift */; };
		C3DB7E3C841C4C2F6C4A0B65 /* PadYatraApp.swift in Sources */ = {isa = PBXBuildFile; fileRef = 80E0A9D73D5E4618BDFD1B6E /* PadYatraApp.swift */; };
		C97DEF59C77A3C7EC101F2F0 /* TempleImageService.swift in Sources */ = {isa = PBXBuildFile; fileRef = F17A49E41C7E24EB3C8982F1 /* TempleImageService.swift */; };
		E97F75809BA897BB33917D55 /* VisitService.swift in Sources */ = {isa = PBXBuildFile; fileRef = 66B1754D83E12980867DA54B /* VisitService.swift */; };
		EDDA75294ED381050812A828 /* VisitedBadge.swift in Sources */ = {isa = PBXBuildFile; fileRef = 0882AB97AE098D9FEC69D668 /* VisitedBadge.swift */; };
		EFA355A3313A673D29D45C4A /* TempleFactsGrid.swift in Sources */ = {isa = PBXBuildFile; fileRef = BBCD57CBF8756A39E8E0E8BE /* TempleFactsGrid.swift */; };
		F253061D8532B715872D0441 /* VisitServiceTests.swift in Sources */ = {isa = PBXBuildFile; fileRef = D5ABCEEBEC9E426B318149EB /* VisitServiceTests.swift */; };
		FEA95EF6FBD6AC67B8CFE582 /* CategoryTag.swift in Sources */ = {isa = PBXBuildFile; fileRef = 073893DDA94BF644473BEBB4 /* CategoryTag.swift */; };
/* End PBXBuildFile section */

/* Begin PBXContainerItemProxy section */
		C764217CA6035858A4291E72 /* PBXContainerItemProxy */ = {
			isa = PBXContainerItemProxy;
			containerPortal = EC93F59E15FC2DC809CEA629 /* Project object */;
			proxyType = 1;
			remoteGlobalIDString = BFC256D23052DDF0006B0308;
			remoteInfo = PadYatra;
		};
/* End PBXContainerItemProxy section */

/* Begin PBXFileReference section */
		0412DCAE40084B0C6DF46673 /* StarRatingView.swift */ = {isa = PBXFileReference; lastKnownFileType = sourcecode.swift; path = StarRatingView.swift; sourceTree = "<group>"; };
		073893DDA94BF644473BEBB4 /* CategoryTag.swift */ = {isa = PBXFileReference; lastKnownFileType = sourcecode.swift; path = CategoryTag.swift; sourceTree = "<group>"; };
		0882AB97AE098D9FEC69D668 /* VisitedBadge.swift */ = {isa = PBXFileReference; lastKnownFileType = sourcecode.swift; path = VisitedBadge.swift; sourceTree = "<group>"; };
		0D51CF1FD102D57A0FE57359 /* WidgetKit.framework */ = {isa = PBXFileReference; lastKnownFileType = wrapper.framework; name = WidgetKit.framework; path = System/Library/Frameworks/WidgetKit.framework; sourceTree = SDKROOT; };
		0FB85E2CFD8502883BC9DDF0 /* FormSectionHeader.swift */ = {isa = PBXFileReference; lastKnownFileType = sourcecode.swift; path = FormSectionHeader.swift; sourceTree = "<group>"; };
		1193F67105E3596B2771F2C9 /* AchievementService.swift */ = {isa = PBXFileReference; lastKnownFileType = sourcecode.swift; path = AchievementService.swift; sourceTree = "<group>"; };
		13D761BFFE06E210238F843F /* MapKit.framework */ = {isa = PBXFileReference; lastKnownFileType = wrapper.framework; name = MapKit.framework; path = System/Library/Frameworks/MapKit.framework; sourceTree = SDKROOT; };
		147B23F6CC6BA1500EC0E8F3 /* RemoteDataServiceTests.swift */ = {isa = PBXFileReference; lastKnownFileType = sourcecode.swift; path = RemoteDataServiceTests.swift; sourceTree = "<group>"; };
		1B0DF66685311F9C2D865801 /* RemoteDataService.swift */ = {isa = PBXFileReference; lastKnownFileType = sourcecode.swift; path = RemoteDataService.swift; sourceTree = "<group>"; };
		1F01547B90F2F3A9908590D4 /* AchievementServiceTests.swift */ = {isa = PBXFileReference; lastKnownFileType = sourcecode.swift; path = AchievementServiceTests.swift; sourceTree = "<group>"; };
		1F70B7AB77B7833E50FF46A9 /* ProgressBar.swift */ = {isa = PBXFileReference; lastKnownFileType = sourcecode.swift; path = ProgressBar.swift; sourceTree = "<group>"; };
		23B10F82F814CAB78CE3BFF9 /* TempleFilterMode.swift */ = {isa = PBXFileReference; lastKnownFileType = sourcecode.swift; path = TempleFilterMode.swift; sourceTree = "<group>"; };
		24F3F08D4158B6C43DE3771E /* PersistenceController.swift */ = {isa = PBXFileReference; lastKnownFileType = sourcecode.swift; path = PersistenceController.swift; sourceTree = "<group>"; };
		35073115477BD0FC56BAE195 /* VisitEditView.swift */ = {isa = PBXFileReference; lastKnownFileType = sourcecode.swift; path = VisitEditView.swift; sourceTree = "<group>"; };
		3D8DEFD1214C5A29C37D57E2 /* temples.json */ = {isa = PBXFileReference; lastKnownFileType = text.json; path = temples.json; sourceTree = "<group>"; };
		42FAC15682889FA4DCAC9816 /* TempleListRow.swift */ = {isa = PBXFileReference; lastKnownFileType = sourcecode.swift; path = TempleListRow.swift; sourceTree = "<group>"; };
		44A3D6B60CA47A4109BD59D4 /* AchievementReveal.swift */ = {isa = PBXFileReference; lastKnownFileType = sourcecode.swift; path = AchievementReveal.swift; sourceTree = "<group>"; };
		4531DA71FD57C9E2D5CBD52E /* ProfileView.swift */ = {isa = PBXFileReference; lastKnownFileType = sourcecode.swift; path = ProfileView.swift; sourceTree = "<group>"; };
		454A0736D83F4ED61FA4F86A /* TempleListViewModel.swift */ = {isa = PBXFileReference; lastKnownFileType = sourcecode.swift; path = TempleListViewModel.swift; sourceTree = "<group>"; };
		4B1E6E2C4FFE9A1BEADFBDE0 /* TempleDetailView.swift */ = {isa = PBXFileReference; lastKnownFileType = sourcecode.swift; path = TempleDetailView.swift; sourceTree = "<group>"; };
		4D596AEDEAD3D99EE4B87D46 /* AchievementDefinition.swift */ = {isa = PBXFileReference; lastKnownFileType = sourcecode.swift; path = AchievementDefinition.swift; sourceTree = "<group>"; };
		5124D415CD63DE24D4E003FA /* PadYatraTests.xctest */ = {isa = PBXFileReference; includeInIndex = 0; lastKnownFileType = wrapper.cfbundle; path = PadYatraTests.xctest; sourceTree = BUILT_PRODUCTS_DIR; };
		53E47CE2912BB25D666C1452 /* MapView.swift */ = {isa = PBXFileReference; lastKnownFileType = sourcecode.swift; path = MapView.swift; sourceTree = "<group>"; };
		5688BECFD8CCE2FE11589FF5 /* Temple.swift */ = {isa = PBXFileReference; lastKnownFileType = sourcecode.swift; path = Temple.swift; sourceTree = "<group>"; };
		5B83D9730C506C4C941A1E32 /* AddVisitSheet.swift */ = {isa = PBXFileReference; lastKnownFileType = sourcecode.swift; path = AddVisitSheet.swift; sourceTree = "<group>"; };
		5F8BF2A99598BD3236F7B485 /* TempleFestivalSection.swift */ = {isa = PBXFileReference; lastKnownFileType = sourcecode.swift; path = TempleFestivalSection.swift; sourceTree = "<group>"; };
		66B1754D83E12980867DA54B /* VisitService.swift */ = {isa = PBXFileReference; lastKnownFileType = sourcecode.swift; path = VisitService.swift; sourceTree = "<group>"; };
		6C64441EA67A4F1E940224C7 /* Assets.xcassets */ = {isa = PBXFileReference; lastKnownFileType = folder.assetcatalog; path = Assets.xcassets; sourceTree = "<group>"; };
		6CCAC93759B61153E7369289 /* TempleListView.swift */ = {isa = PBXFileReference; lastKnownFileType = sourcecode.swift; path = TempleListView.swift; sourceTree = "<group>"; };
		6CF5E48093C9B9C70227145C /* VisitHistorySection.swift */ = {isa = PBXFileReference; lastKnownFileType = sourcecode.swift; path = VisitHistorySection.swift; sourceTree = "<group>"; };
		70420A36B5B3A369726F6C51 /* AppTheme.swift */ = {isa = PBXFileReference; lastKnownFileType = sourcecode.swift; path = AppTheme.swift; sourceTree = "<group>"; };
		707037FC0A0A04A1F626EA30 /* MapViewModel.swift */ = {isa = PBXFileReference; lastKnownFileType = sourcecode.swift; path = MapViewModel.swift; sourceTree = "<group>"; };
		71CDE3D36933F4CB0BF711F4 /* TempleDataServiceTests.swift */ = {isa = PBXFileReference; lastKnownFileType = sourcecode.swift; path = TempleDataServiceTests.swift; sourceTree = "<group>"; };
		7CF56C1E8992E4F8258E4262 /* Date+Formatting.swift */ = {isa = PBXFileReference; lastKnownFileType = sourcecode.swift; path = "Date+Formatting.swift"; sourceTree = "<group>"; };
		80E0A9D73D5E4618BDFD1B6E /* PadYatraApp.swift */ = {isa = PBXFileReference; lastKnownFileType = sourcecode.swift; path = PadYatraApp.swift; sourceTree = "<group>"; };
		8337C3DF5DA39768018421FF /* Color+Brand.swift */ = {isa = PBXFileReference; lastKnownFileType = sourcecode.swift; path = "Color+Brand.swift"; sourceTree = "<group>"; };
		8404E5072C93E870E9BFCCEA /* TempleFilterBar.swift */ = {isa = PBXFileReference; lastKnownFileType = sourcecode.swift; path = TempleFilterBar.swift; sourceTree = "<group>"; };
		8632A059523FF5EE4B78C2FF /* AchievementsGridView.swift */ = {isa = PBXFileReference; lastKnownFileType = sourcecode.swift; path = AchievementsGridView.swift; sourceTree = "<group>"; };
		894CAD3E0C0A0D734D641146 /* LocationService.swift */ = {isa = PBXFileReference; lastKnownFileType = sourcecode.swift; path = LocationService.swift; sourceTree = "<group>"; };
		8BAECDC3F5C1FADCFAB6488C /* ScratchCardView.swift */ = {isa = PBXFileReference; lastKnownFileType = sourcecode.swift; path = ScratchCardView.swift; sourceTree = "<group>"; };
		900106EB9C342A1846882D5D /* ProfileViewModel.swift */ = {isa = PBXFileReference; lastKnownFileType = sourcecode.swift; path = ProfileViewModel.swift; sourceTree = "<group>"; };
		91B4FD00F6FCAAC7305A0390 /* EventKit.framework */ = {isa = PBXFileReference; lastKnownFileType = wrapper.framework; name = EventKit.framework; path = System/Library/Frameworks/EventKit.framework; sourceTree = SDKROOT; };
		91F92D26570213D22EE2E958 /* TempleHeroGallery.swift */ = {isa = PBXFileReference; lastKnownFileType = sourcecode.swift; path = TempleHeroGallery.swift; sourceTree = "<group>"; };
		9EE58C47CADB455389AA2E40 /* FilterPill.swift */ = {isa = PBXFileReference; lastKnownFileType = sourcecode.swift; path = FilterPill.swift; sourceTree = "<group>"; };
		A45B0BD2DB19233B8BA2E508 /* TempleDataValidatorTests.swift */ = {isa = PBXFileReference; lastKnownFileType = sourcecode.swift; path = TempleDataValidatorTests.swift; sourceTree = "<group>"; };
		A46C642EC7C3E604D3086949 /* CloudKit.framework */ = {isa = PBXFileReference; lastKnownFileType = wrapper.framework; name = CloudKit.framework; path = System/Library/Frameworks/CloudKit.framework; sourceTree = SDKROOT; };
		AC2CFC66E8ACD0C9232B8495 /* TempleDataValidator.swift */ = {isa = PBXFileReference; lastKnownFileType = sourcecode.swift; path = TempleDataValidator.swift; sourceTree = "<group>"; };
		AFF71E081AC8DFD254D35E22 /* AchievementCardView.swift */ = {isa = PBXFileReference; lastKnownFileType = sourcecode.swift; path = AchievementCardView.swift; sourceTree = "<group>"; };
		B4D4162A9FDA5F83444CBD95 /* TempleCategory.swift */ = {isa = PBXFileReference; lastKnownFileType = sourcecode.swift; path = TempleCategory.swift; sourceTree = "<group>"; };
		BBCD57CBF8756A39E8E0E8BE /* TempleFactsGrid.swift */ = {isa = PBXFileReference; lastKnownFileType = sourcecode.swift; path = TempleFactsGrid.swift; sourceTree = "<group>"; };
		BC71FC0E56E8C409BF813C69 /* AchievementsViewModel.swift */ = {isa = PBXFileReference; lastKnownFileType = sourcecode.swift; path = AchievementsViewModel.swift; sourceTree = "<group>"; };
		BDAFCA83CA594562D787A875 /* TempleMapAnnotation.swift */ = {isa = PBXFileReference; lastKnownFileType = sourcecode.swift; path = TempleMapAnnotation.swift; sourceTree = "<group>"; };
		BECE9DD0034AB96652709726 /* PadYatra.entitlements */ = {isa = PBXFileReference; lastKnownFileType = text.plist.entitlements; path = PadYatra.entitlements; sourceTree = "<group>"; };
		BF3CB09DBABE00E08E9B6382 /* TempleDataService.swift */ = {isa = PBXFileReference; lastKnownFileType = sourcecode.swift; path = TempleDataService.swift; sourceTree = "<group>"; };
		CA21A452E4BEBB1C273EA870 /* MapFilterSheet.swift */ = {isa = PBXFileReference; lastKnownFileType = sourcecode.swift; path = MapFilterSheet.swift; sourceTree = "<group>"; };
		D5ABCEEBEC9E426B318149EB /* VisitServiceTests.swift */ = {isa = PBXFileReference; lastKnownFileType = sourcecode.swift; path = VisitServiceTests.swift; sourceTree = "<group>"; };
		DB45CAD8D73FC64E23649F46 /* TempleDetailViewModel.swift */ = {isa = PBXFileReference; lastKnownFileType = sourcecode.swift; path = TempleDetailViewModel.swift; sourceTree = "<group>"; };
		EE8627B41063BF55BF098626 /* StatsView.swift */ = {isa = PBXFileReference; lastKnownFileType = sourcecode.swift; path = StatsView.swift; sourceTree = "<group>"; };
		F17A49E41C7E24EB3C8982F1 /* TempleImageService.swift */ = {isa = PBXFileReference; lastKnownFileType = sourcecode.swift; path = TempleImageService.swift; sourceTree = "<group>"; };
		F4D3B1CD71878AA8ECCAED79 /* CoreLocation.framework */ = {isa = PBXFileReference; lastKnownFileType = wrapper.framework; name = CoreLocation.framework; path = System/Library/Frameworks/CoreLocation.framework; sourceTree = SDKROOT; };
		F76CA63CB9548BDC8B1F8289 /* Info.plist */ = {isa = PBXFileReference; lastKnownFileType = text.plist; path = Info.plist; sourceTree = "<group>"; };
		F81B040C6871176DA167D315 /* PadYatra.app */ = {isa = PBXFileReference; includeInIndex = 0; lastKnownFileType = wrapper.application; path = PadYatra.app; sourceTree = BUILT_PRODUCTS_DIR; };
		FA45BA43C82D904247AEC335 /* ContentView.swift */ = {isa = PBXFileReference; lastKnownFileType = sourcecode.swift; path = ContentView.swift; sourceTree = "<group>"; };
		FDA871285E30E35077ECF334 /* TempleVisit.swift */ = {isa = PBXFileReference; lastKnownFileType = sourcecode.swift; path = TempleVisit.swift; sourceTree = "<group>"; };
/* End PBXFileReference section */

/* Begin PBXFrameworksBuildPhase section */
		208D1D2881F94AFAFBD8F2D4 /* Frameworks */ = {
			isa = PBXFrameworksBuildPhase;
			buildActionMask = 2147483647;
			files = (
				11BDF50853BE16D186D193D5 /* CloudKit.framework in Frameworks */,
				0603DCEBFF78A4E385EDB2B5 /* CoreLocation.framework in Frameworks */,
				7470BC2F1574A03A69516D33 /* MapKit.framework in Frameworks */,
				4571722197375F4E87708B3A /* EventKit.framework in Frameworks */,
				08840CFF6B316EB4942C1057 /* WidgetKit.framework in Frameworks */,
			);
			runOnlyForDeploymentPostprocessing = 0;
		};
/* End PBXFrameworksBuildPhase section */

/* Begin PBXGroup section */
		03EC44C1A6BD6EAE850D64D7 /* Achievements */ = {
			isa = PBXGroup;
			children = (
				AFF71E081AC8DFD254D35E22 /* AchievementCardView.swift */,
				8632A059523FF5EE4B78C2FF /* AchievementsGridView.swift */,
				BC71FC0E56E8C409BF813C69 /* AchievementsViewModel.swift */,
				8BAECDC3F5C1FADCFAB6488C /* ScratchCardView.swift */,
			);
			path = Achievements;
			sourceTree = "<group>";
		};
		0DE447E5238EB843E9ADB50D /* Static */ = {
			isa = PBXGroup;
			children = (
				3D8DEFD1214C5A29C37D57E2 /* temples.json */,
			);
			path = Static;
			sourceTree = "<group>";
		};
		28F414B48BB7F92A1576F2F9 /* TempleList */ = {
			isa = PBXGroup;
			children = (
				8404E5072C93E870E9BFCCEA /* TempleFilterBar.swift */,
				42FAC15682889FA4DCAC9816 /* TempleListRow.swift */,
				6CCAC93759B61153E7369289 /* TempleListView.swift */,
				454A0736D83F4ED61FA4F86A /* TempleListViewModel.swift */,
			);
			path = TempleList;
			sourceTree = "<group>";
		};
		40A60EACF3FC8DEE3FC31063 /* Services */ = {
			isa = PBXGroup;
			children = (
				1193F67105E3596B2771F2C9 /* AchievementService.swift */,
				894CAD3E0C0A0D734D641146 /* LocationService.swift */,
				1B0DF66685311F9C2D865801 /* RemoteDataService.swift */,
				BF3CB09DBABE00E08E9B6382 /* TempleDataService.swift */,
				F17A49E41C7E24EB3C8982F1 /* TempleImageService.swift */,
				66B1754D83E12980867DA54B /* VisitService.swift */,
			);
			path = Services;
			sourceTree = "<group>";
		};
		444B74B1D1D1267B6905F221 /* Theme */ = {
			isa = PBXGroup;
			children = (
				70420A36B5B3A369726F6C51 /* AppTheme.swift */,
			);
			path = Theme;
			sourceTree = "<group>";
		};
		45914AFE210AB363A807622F /* Profile */ = {
			isa = PBXGroup;
			children = (
				4531DA71FD57C9E2D5CBD52E /* ProfileView.swift */,
				900106EB9C342A1846882D5D /* ProfileViewModel.swift */,
				EE8627B41063BF55BF098626 /* StatsView.swift */,
			);
			path = Profile;
			sourceTree = "<group>";
		};
		5CAE473C2856CE48001EF18E /* Persistence */ = {
			isa = PBXGroup;
			children = (
				24F3F08D4158B6C43DE3771E /* PersistenceController.swift */,
			);
			path = Persistence;
			sourceTree = "<group>";
		};
		69C37589412BA6A6ADFD24B6 /* TempleDetail */ = {
			isa = PBXGroup;
			children = (
				5B83D9730C506C4C941A1E32 /* AddVisitSheet.swift */,
				4B1E6E2C4FFE9A1BEADFBDE0 /* TempleDetailView.swift */,
				DB45CAD8D73FC64E23649F46 /* TempleDetailViewModel.swift */,
				BBCD57CBF8756A39E8E0E8BE /* TempleFactsGrid.swift */,
				5F8BF2A99598BD3236F7B485 /* TempleFestivalSection.swift */,
				91F92D26570213D22EE2E958 /* TempleHeroGallery.swift */,
				35073115477BD0FC56BAE195 /* VisitEditView.swift */,
				6CF5E48093C9B9C70227145C /* VisitHistorySection.swift */,
			);
			path = TempleDetail;
			sourceTree = "<group>";
		};
		6AA5703282000BF361A31A41 /* Models */ = {
			isa = PBXGroup;
			children = (
				4D596AEDEAD3D99EE4B87D46 /* AchievementDefinition.swift */,
				44A3D6B60CA47A4109BD59D4 /* AchievementReveal.swift */,
				5688BECFD8CCE2FE11589FF5 /* Temple.swift */,
				B4D4162A9FDA5F83444CBD95 /* TempleCategory.swift */,
				23B10F82F814CAB78CE3BFF9 /* TempleFilterMode.swift */,
				FDA871285E30E35077ECF334 /* TempleVisit.swift */,
			);
			path = Models;
			sourceTree = "<group>";
		};
		78A9766AA97126771A5DE331 /* Data */ = {
			isa = PBXGroup;
			children = (
				6AA5703282000BF361A31A41 /* Models */,
				5CAE473C2856CE48001EF18E /* Persistence */,
				40A60EACF3FC8DEE3FC31063 /* Services */,
				0DE447E5238EB843E9ADB50D /* Static */,
				DB08E478C986A48D9C6AA129 /* Validation */,
			);
			path = Data;
			sourceTree = "<group>";
		};
		8BA7FD705A5B0E0B729D4971 /* Features */ = {
			isa = PBXGroup;
			children = (
				03EC44C1A6BD6EAE850D64D7 /* Achievements */,
				92838174B5CD7A64D39F5E0C /* Map */,
				45914AFE210AB363A807622F /* Profile */,
				69C37589412BA6A6ADFD24B6 /* TempleDetail */,
				28F414B48BB7F92A1576F2F9 /* TempleList */,
			);
			path = Features;
			sourceTree = "<group>";
		};
		92838174B5CD7A64D39F5E0C /* Map */ = {
			isa = PBXGroup;
			children = (
				CA21A452E4BEBB1C273EA870 /* MapFilterSheet.swift */,
				53E47CE2912BB25D666C1452 /* MapView.swift */,
				707037FC0A0A04A1F626EA30 /* MapViewModel.swift */,
				BDAFCA83CA594562D787A875 /* TempleMapAnnotation.swift */,
			);
			path = Map;
			sourceTree = "<group>";
		};
		96BAADD09E72208117D33F13 /* PadYatraTests */ = {
			isa = PBXGroup;
			children = (
				1F01547B90F2F3A9908590D4 /* AchievementServiceTests.swift */,
				147B23F6CC6BA1500EC0E8F3 /* RemoteDataServiceTests.swift */,
				71CDE3D36933F4CB0BF711F4 /* TempleDataServiceTests.swift */,
				A45B0BD2DB19233B8BA2E508 /* TempleDataValidatorTests.swift */,
				D5ABCEEBEC9E426B318149EB /* VisitServiceTests.swift */,
			);
			path = PadYatraTests;
			sourceTree = "<group>";
		};
		9B5A01DBD74D729210460CA6 /* Shared */ = {
			isa = PBXGroup;
			children = (
				FFBE370BFFA67D70E25C96D7 /* Components */,
				F2ED3659385F1201B510989C /* Extensions */,
				444B74B1D1D1267B6905F221 /* Theme */,
			);
			path = Shared;
			sourceTree = "<group>";
		};
		CCA1E2FA831AED67FCB60827 /* PadYatra */ = {
			isa = PBXGroup;
			children = (
				6C64441EA67A4F1E940224C7 /* Assets.xcassets */,
				FA45BA43C82D904247AEC335 /* ContentView.swift */,
				F76CA63CB9548BDC8B1F8289 /* Info.plist */,
				BECE9DD0034AB96652709726 /* PadYatra.entitlements */,
				80E0A9D73D5E4618BDFD1B6E /* PadYatraApp.swift */,
				78A9766AA97126771A5DE331 /* Data */,
				8BA7FD705A5B0E0B729D4971 /* Features */,
				9B5A01DBD74D729210460CA6 /* Shared */,
			);
			path = PadYatra;
			sourceTree = "<group>";
		};
		DB08E478C986A48D9C6AA129 /* Validation */ = {
			isa = PBXGroup;
			children = (
				AC2CFC66E8ACD0C9232B8495 /* TempleDataValidator.swift */,
			);
			path = Validation;
			sourceTree = "<group>";
		};
		EE5DEF33F7BA9907A471593A /* Frameworks */ = {
			isa = PBXGroup;
			children = (
				A46C642EC7C3E604D3086949 /* CloudKit.framework */,
				F4D3B1CD71878AA8ECCAED79 /* CoreLocation.framework */,
				91B4FD00F6FCAAC7305A0390 /* EventKit.framework */,
				13D761BFFE06E210238F843F /* MapKit.framework */,
				0D51CF1FD102D57A0FE57359 /* WidgetKit.framework */,
			);
			name = Frameworks;
			sourceTree = "<group>";
		};
		F04532D57C1D77DAE5698FEF /* Products */ = {
			isa = PBXGroup;
			children = (
				F81B040C6871176DA167D315 /* PadYatra.app */,
				5124D415CD63DE24D4E003FA /* PadYatraTests.xctest */,
			);
			name = Products;
			sourceTree = "<group>";
		};
		F2ED3659385F1201B510989C /* Extensions */ = {
			isa = PBXGroup;
			children = (
				8337C3DF5DA39768018421FF /* Color+Brand.swift */,
				7CF56C1E8992E4F8258E4262 /* Date+Formatting.swift */,
			);
			path = Extensions;
			sourceTree = "<group>";
		};
		FDC367B33A75EA987E0652CE = {
			isa = PBXGroup;
			children = (
				CCA1E2FA831AED67FCB60827 /* PadYatra */,
				96BAADD09E72208117D33F13 /* PadYatraTests */,
				EE5DEF33F7BA9907A471593A /* Frameworks */,
				F04532D57C1D77DAE5698FEF /* Products */,
			);
			sourceTree = "<group>";
		};
		FFBE370BFFA67D70E25C96D7 /* Components */ = {
			isa = PBXGroup;
			children = (
				073893DDA94BF644473BEBB4 /* CategoryTag.swift */,
				9EE58C47CADB455389AA2E40 /* FilterPill.swift */,
				0FB85E2CFD8502883BC9DDF0 /* FormSectionHeader.swift */,
				1F70B7AB77B7833E50FF46A9 /* ProgressBar.swift */,
				0412DCAE40084B0C6DF46673 /* StarRatingView.swift */,
				0882AB97AE098D9FEC69D668 /* VisitedBadge.swift */,
			);
			path = Components;
			sourceTree = "<group>";
		};
/* End PBXGroup section */

/* Begin PBXNativeTarget section */
		97EE874A696481DD582E10C6 /* PadYatraTests */ = {
			isa = PBXNativeTarget;
			buildConfigurationList = 8DA84818EBDC625906969B60 /* Build configuration list for PBXNativeTarget "PadYatraTests" */;
			buildPhases = (
				EA12806A5A874BA9EA3D039B /* Sources */,
			);
			buildRules = (
			);
			dependencies = (
				F82FC515C4A14922C37E73A3 /* PBXTargetDependency */,
			);
			name = PadYatraTests;
			packageProductDependencies = (
			);
			productName = PadYatraTests;
			productReference = 5124D415CD63DE24D4E003FA /* PadYatraTests.xctest */;
			productType = "com.apple.product-type.bundle.unit-test";
		};
		BFC256D23052DDF0006B0308 /* PadYatra */ = {
			isa = PBXNativeTarget;
			buildConfigurationList = 6D2A1F409F579DA9ABCEB29C /* Build configuration list for PBXNativeTarget "PadYatra" */;
			buildPhases = (
				6E59651823B30B554690DF3C /* Sources */,
				39B41C58E58EE957977210F3 /* Resources */,
				208D1D2881F94AFAFBD8F2D4 /* Frameworks */,
			);
			buildRules = (
			);
			dependencies = (
			);
			name = PadYatra;
			packageProductDependencies = (
			);
			productName = PadYatra;
			productReference = F81B040C6871176DA167D315 /* PadYatra.app */;
			productType = "com.apple.product-type.application";
		};
/* End PBXNativeTarget section */

/* Begin PBXProject section */
		EC93F59E15FC2DC809CEA629 /* Project object */ = {
			isa = PBXProject;
			attributes = {
				BuildIndependentTargetsInParallel = YES;
				LastUpgradeCheck = 1600;
				TargetAttributes = {
					97EE874A696481DD582E10C6 = {
						DevelopmentTeam = "";
					};
					BFC256D23052DDF0006B0308 = {
						DevelopmentTeam = "";
					};
				};
			};
			buildConfigurationList = AE56D9AA49D376F714F510AB /* Build configuration list for PBXProject "PadYatra" */;
			developmentRegion = en;
			hasScannedForEncodings = 0;
			knownRegions = (
				Base,
				en,
			);
			mainGroup = FDC367B33A75EA987E0652CE;
			minimizedProjectReferenceProxies = 1;
			preferredProjectObjectVersion = 77;
			productRefGroup = F04532D57C1D77DAE5698FEF /* Products */;
			projectDirPath = "";
			projectRoot = "";
			targets = (
				BFC256D23052DDF0006B0308 /* PadYatra */,
				97EE874A696481DD582E10C6 /* PadYatraTests */,
			);
		};
/* End PBXProject section */

/* Begin PBXResourcesBuildPhase section */
		39B41C58E58EE957977210F3 /* Resources */ = {
			isa = PBXResourcesBuildPhase;
			buildActionMask = 2147483647;
			files = (
				A3FD0B277629A4BC959C1CCC /* Assets.xcassets in Resources */,
				0D4A19ECBB8BBA8560ABE746 /* temples.json in Resources */,
			);
			runOnlyForDeploymentPostprocessing = 0;
		};
/* End PBXResourcesBuildPhase section */

/* Begin PBXSourcesBuildPhase section */
		6E59651823B30B554690DF3C /* Sources */ = {
			isa = PBXSourcesBuildPhase;
			buildActionMask = 2147483647;
			files = (
				7F9FC2D9AFDECAB2A6F72BAD /* AchievementCardView.swift in Sources */,
				9B8469A8DE8022B62E70A81F /* AchievementDefinition.swift in Sources */,
				8EF232AF2F05C33AE9E23042 /* AchievementReveal.swift in Sources */,
				30036345DD4CA06F59713A88 /* AchievementService.swift in Sources */,
				1BCB91E829E1EE2454A4A605 /* AchievementsGridView.swift in Sources */,
				29A263948AEF85A96C4FEC8A /* AchievementsViewModel.swift in Sources */,
				649755E7691704E98DFA24B8 /* AddVisitSheet.swift in Sources */,
				63FE65531BD416A3E8664B1B /* AppTheme.swift in Sources */,
				FEA95EF6FBD6AC67B8CFE582 /* CategoryTag.swift in Sources */,
				226627A7236291FF7193C67F /* Color+Brand.swift in Sources */,
				892A8C69E1514F3904E481CE /* ContentView.swift in Sources */,
				B6D9A146E44B21A044BF9850 /* Date+Formatting.swift in Sources */,
				733FD9E35B27869C074F54C7 /* FilterPill.swift in Sources */,
				523C9BE18575CEC55D69E173 /* FormSectionHeader.swift in Sources */,
				B45F3047B3DC0CA21E27BF80 /* LocationService.swift in Sources */,
				38942151AB6AD367BC15D9BB /* MapFilterSheet.swift in Sources */,
				452662475A007DC97C71982F /* MapView.swift in Sources */,
				5660A6E65AF559E597BFD3F4 /* MapViewModel.swift in Sources */,
				C3DB7E3C841C4C2F6C4A0B65 /* PadYatraApp.swift in Sources */,
				31EEA24F2C6160F65BF4C788 /* PersistenceController.swift in Sources */,
				12D6B6C9494091B70BD07CB9 /* ProfileView.swift in Sources */,
				8765231FDAC523C9C8785579 /* ProfileViewModel.swift in Sources */,
				880710FFDA5FE4DBBAD1F414 /* ProgressBar.swift in Sources */,
				B5397C9280DB6FDBCA86E6E9 /* RemoteDataService.swift in Sources */,
				89A513EFBBBE76C63175A4AB /* ScratchCardView.swift in Sources */,
				8C34CB62F4DC6EA45A9FF306 /* StarRatingView.swift in Sources */,
				4DE2FE66606F0D37DA055A44 /* StatsView.swift in Sources */,
				504BE7FCB138EB6D5005F9EF /* Temple.swift in Sources */,
				8C9D3C6461E5516C93CA31BB /* TempleCategory.swift in Sources */,
				26573F0A073E4EC59B1D655A /* TempleDataService.swift in Sources */,
				608B29C6F218270D0F8F7AFB /* TempleDataValidator.swift in Sources */,
				4C00D7D8CB3FDBB2505AFADB /* TempleDetailView.swift in Sources */,
				8D53387DAB4BC51B8673A10E /* TempleDetailViewModel.swift in Sources */,
				EFA355A3313A673D29D45C4A /* TempleFactsGrid.swift in Sources */,
				902DEA5CA72832D98E549036 /* TempleFestivalSection.swift in Sources */,
				A4FD18D6882A704CD394A4F6 /* TempleFilterBar.swift in Sources */,
				942623A750E381AB26925A3A /* TempleFilterMode.swift in Sources */,
				1EF45CC9D64AFDE08B555CB6 /* TempleHeroGallery.swift in Sources */,
				C97DEF59C77A3C7EC101F2F0 /* TempleImageService.swift in Sources */,
				4ED15FB90B173E0D330456B3 /* TempleListRow.swift in Sources */,
				ACF7E85EB5BF0C14EAA0280E /* TempleListView.swift in Sources */,
				3996DDB06D42090EDC1A6D48 /* TempleListViewModel.swift in Sources */,
				24464C0E4ABE739C203C51CE /* TempleMapAnnotation.swift in Sources */,
				4D0542F1C59185D61D09D7B4 /* TempleVisit.swift in Sources */,
				3596B858186E4DAD09E53977 /* VisitEditView.swift in Sources */,
				22F4738C3A095D1EA0D35D9B /* VisitHistorySection.swift in Sources */,
				E97F75809BA897BB33917D55 /* VisitService.swift in Sources */,
				EDDA75294ED381050812A828 /* VisitedBadge.swift in Sources */,
			);
			runOnlyForDeploymentPostprocessing = 0;
		};
		EA12806A5A874BA9EA3D039B /* Sources */ = {
			isa = PBXSourcesBuildPhase;
			buildActionMask = 2147483647;
			files = (
				C083B3539AD615845E07F4F8 /* AchievementServiceTests.swift in Sources */,
				518A0355832D6D7F3D3B0FF6 /* RemoteDataServiceTests.swift in Sources */,
				A977135DDF794E681D361764 /* TempleDataServiceTests.swift in Sources */,
				AEEA865B1711F032F089874B /* TempleDataValidatorTests.swift in Sources */,
				F253061D8532B715872D0441 /* VisitServiceTests.swift in Sources */,
			);
			runOnlyForDeploymentPostprocessing = 0;
		};
/* End PBXSourcesBuildPhase section */

/* Begin PBXTargetDependency section */
		F82FC515C4A14922C37E73A3 /* PBXTargetDependency */ = {
			isa = PBXTargetDependency;
			target = BFC256D23052DDF0006B0308 /* PadYatra */;
			targetProxy = C764217CA6035858A4291E72 /* PBXContainerItemProxy */;
		};
/* End PBXTargetDependency section */

/* Begin XCBuildConfiguration section */
		06DFFBA287C7C8AA84C81B1E /* Release */ = {
			isa = XCBuildConfiguration;
			buildSettings = {
				BUNDLE_LOADER = "$(TEST_HOST)";
				GENERATE_INFOPLIST_FILE = YES;
				IPHONEOS_DEPLOYMENT_TARGET = 17.0;
				LD_RUNPATH_SEARCH_PATHS = (
					"$(inherited)",
					"@executable_path/Frameworks",
					"@loader_path/Frameworks",
				);
				PRODUCT_BUNDLE_IDENTIFIER = com.padyatra.tests;
				SDKROOT = iphoneos;
				SWIFT_VERSION = 6.0;
				TARGETED_DEVICE_FAMILY = "1,2";
				TEST_HOST = "$(BUILT_PRODUCTS_DIR)/PadYatra.app/PadYatra";
			};
			name = Release;
		};
		308E28EA6434AF7C84A7B2B5 /* Release */ = {
			isa = XCBuildConfiguration;
			buildSettings = {
				ALWAYS_SEARCH_USER_PATHS = NO;
				CLANG_ANALYZER_NONNULL = YES;
				CLANG_ANALYZER_NUMBER_OBJECT_CONVERSION = YES_AGGRESSIVE;
				CLANG_CXX_LANGUAGE_STANDARD = "gnu++14";
				CLANG_CXX_LIBRARY = "libc++";
				CLANG_ENABLE_MODULES = YES;
				CLANG_ENABLE_OBJC_ARC = YES;
				CLANG_ENABLE_OBJC_WEAK = YES;
				CLANG_WARN_BLOCK_CAPTURE_AUTORELEASING = YES;
				CLANG_WARN_BOOL_CONVERSION = YES;
				CLANG_WARN_COMMA = YES;
				CLANG_WARN_CONSTANT_CONVERSION = YES;
				CLANG_WARN_DEPRECATED_OBJC_IMPLEMENTATIONS = YES;
				CLANG_WARN_DIRECT_OBJC_ISA_USAGE = YES_ERROR;
				CLANG_WARN_DOCUMENTATION_COMMENTS = YES;
				CLANG_WARN_EMPTY_BODY = YES;
				CLANG_WARN_ENUM_CONVERSION = YES;
				CLANG_WARN_INFINITE_RECURSION = YES;
				CLANG_WARN_INT_CONVERSION = YES;
				CLANG_WARN_NON_LITERAL_NULL_CONVERSION = YES;
				CLANG_WARN_OBJC_IMPLICIT_RETAIN_SELF = YES;
				CLANG_WARN_OBJC_LITERAL_CONVERSION = YES;
				CLANG_WARN_OBJC_ROOT_CLASS = YES_ERROR;
				CLANG_WARN_QUOTED_INCLUDE_IN_FRAMEWORK_HEADER = YES;
				CLANG_WARN_RANGE_LOOP_ANALYSIS = YES;
				CLANG_WARN_STRICT_PROTOTYPES = YES;
				CLANG_WARN_SUSPICIOUS_MOVE = YES;
				CLANG_WARN_UNGUARDED_AVAILABILITY = YES_AGGRESSIVE;
				CLANG_WARN_UNREACHABLE_CODE = YES;
				CLANG_WARN__DUPLICATE_METHOD_MATCH = YES;
				COPY_PHASE_STRIP = NO;
				DEBUG_INFORMATION_FORMAT = "dwarf-with-dsym";
				DEVELOPMENT_TEAM = "";
				ENABLE_NS_ASSERTIONS = NO;
				ENABLE_PREVIEWS = YES;
				ENABLE_STRICT_OBJC_MSGSEND = YES;
				GCC_C_LANGUAGE_STANDARD = gnu11;
				GCC_NO_COMMON_BLOCKS = YES;
				GCC_WARN_64_TO_32_BIT_CONVERSION = YES;
				GCC_WARN_ABOUT_RETURN_TYPE = YES_ERROR;
				GCC_WARN_UNDECLARED_SELECTOR = YES;
				GCC_WARN_UNINITIALIZED_AUTOS = YES_AGGRESSIVE;
				GCC_WARN_UNUSED_FUNCTION = YES;
				GCC_WARN_UNUSED_VARIABLE = YES;
				IPHONEOS_DEPLOYMENT_TARGET = 17.0;
				MTL_ENABLE_DEBUG_INFO = NO;
				MTL_FAST_MATH = YES;
				PRODUCT_NAME = "$(TARGET_NAME)";
				SDKROOT = iphoneos;
				SWIFT_COMPILATION_MODE = wholemodule;
				SWIFT_OPTIMIZATION_LEVEL = "-O";
				SWIFT_VERSION = 6.0;
			};
			name = Release;
		};
		6FE33E28C99FA69C4C12CA39 /* Debug */ = {
			isa = XCBuildConfiguration;
			buildSettings = {
				ALWAYS_SEARCH_USER_PATHS = NO;
				CLANG_ANALYZER_NONNULL = YES;
				CLANG_ANALYZER_NUMBER_OBJECT_CONVERSION = YES_AGGRESSIVE;
				CLANG_CXX_LANGUAGE_STANDARD = "gnu++14";
				CLANG_CXX_LIBRARY = "libc++";
				CLANG_ENABLE_MODULES = YES;
				CLANG_ENABLE_OBJC_ARC = YES;
				CLANG_ENABLE_OBJC_WEAK = YES;
				CLANG_WARN_BLOCK_CAPTURE_AUTORELEASING = YES;
				CLANG_WARN_BOOL_CONVERSION = YES;
				CLANG_WARN_COMMA = YES;
				CLANG_WARN_CONSTANT_CONVERSION = YES;
				CLANG_WARN_DEPRECATED_OBJC_IMPLEMENTATIONS = YES;
				CLANG_WARN_DIRECT_OBJC_ISA_USAGE = YES_ERROR;
				CLANG_WARN_DOCUMENTATION_COMMENTS = YES;
				CLANG_WARN_EMPTY_BODY = YES;
				CLANG_WARN_ENUM_CONVERSION = YES;
				CLANG_WARN_INFINITE_RECURSION = YES;
				CLANG_WARN_INT_CONVERSION = YES;
				CLANG_WARN_NON_LITERAL_NULL_CONVERSION = YES;
				CLANG_WARN_OBJC_IMPLICIT_RETAIN_SELF = YES;
				CLANG_WARN_OBJC_LITERAL_CONVERSION = YES;
				CLANG_WARN_OBJC_ROOT_CLASS = YES_ERROR;
				CLANG_WARN_QUOTED_INCLUDE_IN_FRAMEWORK_HEADER = YES;
				CLANG_WARN_RANGE_LOOP_ANALYSIS = YES;
				CLANG_WARN_STRICT_PROTOTYPES = YES;
				CLANG_WARN_SUSPICIOUS_MOVE = YES;
				CLANG_WARN_UNGUARDED_AVAILABILITY = YES_AGGRESSIVE;
				CLANG_WARN_UNREACHABLE_CODE = YES;
				CLANG_WARN__DUPLICATE_METHOD_MATCH = YES;
				COPY_PHASE_STRIP = NO;
				DEBUG_INFORMATION_FORMAT = dwarf;
				DEVELOPMENT_TEAM = "";
				ENABLE_PREVIEWS = YES;
				ENABLE_STRICT_OBJC_MSGSEND = YES;
				ENABLE_TESTABILITY = YES;
				GCC_C_LANGUAGE_STANDARD = gnu11;
				GCC_DYNAMIC_NO_PIC = NO;
				GCC_NO_COMMON_BLOCKS = YES;
				GCC_OPTIMIZATION_LEVEL = 0;
				GCC_PREPROCESSOR_DEFINITIONS = (
					"$(inherited)",
					"DEBUG=1",
				);
				GCC_WARN_64_TO_32_BIT_CONVERSION = YES;
				GCC_WARN_ABOUT_RETURN_TYPE = YES_ERROR;
				GCC_WARN_UNDECLARED_SELECTOR = YES;
				GCC_WARN_UNINITIALIZED_AUTOS = YES_AGGRESSIVE;
				GCC_WARN_UNUSED_FUNCTION = YES;
				GCC_WARN_UNUSED_VARIABLE = YES;
				IPHONEOS_DEPLOYMENT_TARGET = 17.0;
				MTL_ENABLE_DEBUG_INFO = INCLUDE_SOURCE;
				MTL_FAST_MATH = YES;
				ONLY_ACTIVE_ARCH = YES;
				PRODUCT_NAME = "$(TARGET_NAME)";
				SDKROOT = iphoneos;
				SWIFT_ACTIVE_COMPILATION_CONDITIONS = DEBUG;
				SWIFT_OPTIMIZATION_LEVEL = "-Onone";
				SWIFT_VERSION = 6.0;
			};
			name = Debug;
		};
		A270B5F2471CDC46B346DD49 /* Debug */ = {
			isa = XCBuildConfiguration;
			buildSettings = {
				ASSETCATALOG_COMPILER_APPICON_NAME = AppIcon;
				ASSETCATALOG_COMPILER_GLOBAL_ACCENT_COLOR_NAME = AccentColor;
				CODE_SIGN_ENTITLEMENTS = PadYatra/PadYatra.entitlements;
				CODE_SIGN_IDENTITY = "iPhone Developer";
				ENABLE_PREVIEWS = YES;
				INFOPLIST_FILE = PadYatra/Info.plist;
				IPHONEOS_DEPLOYMENT_TARGET = 17.0;
				LD_RUNPATH_SEARCH_PATHS = (
					"$(inherited)",
					"@executable_path/Frameworks",
				);
				PRODUCT_BUNDLE_IDENTIFIER = com.padyatra.app;
				SDKROOT = iphoneos;
				SWIFT_VERSION = 6.0;
				TARGETED_DEVICE_FAMILY = "1,2";
			};
			name = Debug;
		};
		AF931E3E39043F0554FEAB8C /* Debug */ = {
			isa = XCBuildConfiguration;
			buildSettings = {
				BUNDLE_LOADER = "$(TEST_HOST)";
				GENERATE_INFOPLIST_FILE = YES;
				IPHONEOS_DEPLOYMENT_TARGET = 17.0;
				LD_RUNPATH_SEARCH_PATHS = (
					"$(inherited)",
					"@executable_path/Frameworks",
					"@loader_path/Frameworks",
				);
				PRODUCT_BUNDLE_IDENTIFIER = com.padyatra.tests;
				SDKROOT = iphoneos;
				SWIFT_VERSION = 6.0;
				TARGETED_DEVICE_FAMILY = "1,2";
				TEST_HOST = "$(BUILT_PRODUCTS_DIR)/PadYatra.app/PadYatra";
			};
			name = Debug;
		};
		F3A1E9EED098089E1A8EB2CE /* Release */ = {
			isa = XCBuildConfiguration;
			buildSettings = {
				ASSETCATALOG_COMPILER_APPICON_NAME = AppIcon;
				ASSETCATALOG_COMPILER_GLOBAL_ACCENT_COLOR_NAME = AccentColor;
				CODE_SIGN_ENTITLEMENTS = PadYatra/PadYatra.entitlements;
				CODE_SIGN_IDENTITY = "iPhone Developer";
				ENABLE_PREVIEWS = YES;
				INFOPLIST_FILE = PadYatra/Info.plist;
				IPHONEOS_DEPLOYMENT_TARGET = 17.0;
				LD_RUNPATH_SEARCH_PATHS = (
					"$(inherited)",
					"@executable_path/Frameworks",
				);
				PRODUCT_BUNDLE_IDENTIFIER = com.padyatra.app;
				SDKROOT = iphoneos;
				SWIFT_VERSION = 6.0;
				TARGETED_DEVICE_FAMILY = "1,2";
			};
			name = Release;
		};
/* End XCBuildConfiguration section */

/* Begin XCConfigurationList section */
		6D2A1F409F579DA9ABCEB29C /* Build configuration list for PBXNativeTarget "PadYatra" */ = {
			isa = XCConfigurationList;
			buildConfigurations = (
				A270B5F2471CDC46B346DD49 /* Debug */,
				F3A1E9EED098089E1A8EB2CE /* Release */,
			);
			defaultConfigurationIsVisible = 0;
			defaultConfigurationName = Debug;
		};
		8DA84818EBDC625906969B60 /* Build configuration list for PBXNativeTarget "PadYatraTests" */ = {
			isa = XCConfigurationList;
			buildConfigurations = (
				AF931E3E39043F0554FEAB8C /* Debug */,
				06DFFBA287C7C8AA84C81B1E /* Release */,
			);
			defaultConfigurationIsVisible = 0;
			defaultConfigurationName = Debug;
		};
		AE56D9AA49D376F714F510AB /* Build configuration list for PBXProject "PadYatra" */ = {
			isa = XCConfigurationList;
			buildConfigurations = (
				6FE33E28C99FA69C4C12CA39 /* Debug */,
				308E28EA6434AF7C84A7B2B5 /* Release */,
			);
			defaultConfigurationIsVisible = 0;
			defaultConfigurationName = Debug;
		};
/* End XCConfigurationList section */
	};
	rootObject = EC93F59E15FC2DC809CEA629 /* Project object */;
}
